
Microsoft Visual Studio Solution File, Format Version 12.00
# Visual Studio Version 16
VisualStudioVersion = 16.0.31624.102
MinimumVisualStudioVersion = 10.0.40219.1
Project("{FAE04EC0-301F-11D3-BF4B-00C04F79EFBC}") = "ConflictManager.App", "ConflictManager.App\ConflictManager.App.csproj", "{4CAC2FF7-047E-43CF-8466-CE7312E7EAAF}"
EndProject
Global
	GlobalSection(SolutionConfigurationPlatforms) = preSolution
		Debug|Any CPU = Debug|Any CPU
		Release|Any CPU = Release|Any CPU
	EndGlobalSection
	GlobalSection(ProjectConfigurationPlatforms) = postSolution
		{4CAC2FF7-047E-43CF-8466-CE7312E7EAAF}.Debug|Any CPU.ActiveCfg = Debug|Any CPU
		{4CAC2FF7-047E-43CF-8466-CE7312E7EAAF}.Debug|Any CPU.Build.0 = Debug|Any CPU
		{4CAC2FF7-047E-43CF-8466-CE7312E7EAAF}.Release|Any CPU.ActiveCfg = Release|Any CPU
		{4CAC2FF7-047E-43CF-8466-CE7312E7EAAF}.Release|Any CPU.Build.0 = Release|Any CPU
	EndGlobalSection
	GlobalSection(SolutionProperties) = preSolution
		HideSolutionNode = FALSE
	EndGlobalSection
	GlobalSection(ExtensibilityGlobals) = postSolution
		SolutionGuid = {AA935D2A-9EB3-488B-83D9-94C11CCC9C22}
	EndGlobalSection
EndGlobal
